{
  "requires": true,
  "lockfileVersion": 1,
  "dependencies": {
    "@angular/animations": {
      "version": "6.0.9",
      "resolved": "http://localhost:4873/@angular%2fanimations/-/animations-6.0.9.tgz",
      "integrity": "sha512-UJTHlxVGZLefCDxTS7T0qZxrAIaQ8gGghHwDI7F3QXpXZTsAk4nHiGSt2EvneW5o6io83i6Hpr/9Fde+YvzWNg==",
      "requires": {
        "tslib": "^1.9.0"
      }
    },
    "@angular/common": {
      "version": "6.0.9",
      "resolved": "http://localhost:4873/@angular%2fcommon/-/common-6.0.9.tgz",
      "integrity": "sha512-zjJ9WDW9787sTRiNeUvQaCvGZJu1dI8A3fYtSL8BKrGhxLsf24cSa3ljbrSmtIsCGImNxTToHzPFXo4sx2dvYg==",
      "requires": {
        "tslib": "^1.9.0"
      }
    },
    "@angular/compiler": {
      "version": "6.0.9",
      "resolved": "http://localhost:4873/@angular%2fcompiler/-/compiler-6.0.9.tgz",
      "integrity": "sha512-/A6U/W0settfkh3tmX9p3t7+OyZ0c2sIJMlQjhfF36do0ylnIl4wuqJtHF0BWr/wmmbQzg+qAsQyWrx8vp+2Iw==",
      "requires": {
        "tslib": "^1.9.0"
      }
    },
    "@angular/core": {
      "version": "6.0.9",
      "resolved": "http://localhost:4873/@angular%2fcore/-/core-6.0.9.tgz",
      "integrity": "sha512-NeEUgymsR/tLvWeEAA4mGEX/S4hHbIo/2uwPGGAQAvzlk+pL7xqPoFSMKeqQahdTnWSmYa/2+X33OdJgXKKXyg==",
      "requires": {
        "tslib": "^1.9.0"
      }
    },
    "@angular/forms": {
      "version": "6.0.9",
      "resolved": "http://localhost:4873/@angular%2fforms/-/forms-6.0.9.tgz",
      "integrity": "sha512-hZxzoO/QAd9EetNUdGpb5Wiw4Lb7R+iOCjdV8sh+C8q6Ow5G35/dfiAlNanGXVqSi8e6Qqm1aO/r4cTUWFm6vw==",
      "requires": {
        "tslib": "^1.9.0"
      }
    },
    "@angular/http": {
      "version": "6.0.9",
      "resolved": "http://localhost:4873/@angular%2fhttp/-/http-6.0.9.tgz",
      "integrity": "sha512-JaYvBQQ+hJ7SKqZ+zw4C20lc7b6U5kK50nSkams10tzhITke6L/+wK8g3kiNu4XcqE5nqcIN8S95UkMGPMsa7Q==",
      "requires": {
        "tslib": "^1.9.0"
      }
    },
    "@angular/platform-browser": {
      "version": "6.0.9",
      "resolved": "http://localhost:4873/@angular%2fplatform-browser/-/platform-browser-6.0.9.tgz",
      "integrity": "sha512-q/1UGlbWBwZ6c63p8SDmBsgjYgMQUxyByY9GGt0hd5XhOfVFzvBSzybKSRc3FBhmxQJMCtVhEbI0kIzqrDxcWg==",
      "requires": {
        "tslib": "^1.9.0"
      }
    },
    "@angular/platform-browser-dynamic": {
      "version": "6.0.9",
      "resolved": "http://localhost:4873/@angular%2fplatform-browser-dynamic/-/platform-browser-dynamic-6.0.9.tgz",
      "integrity": "sha512-HsmLafy0hpMIZlwHz1XRicXczZWCKb0H6oCY+TepFV4u3SLZgJEO7/HZrhO0kEviipXuXrgZSpafV3IYP6eWPQ==",
      "requires": {
        "tslib": "^1.9.0"
      }
    },
    "@angular/router": {
      "version": "6.0.9",
      "resolved": "http://localhost:4873/@angular%2frouter/-/router-6.0.9.tgz",
      "integrity": "sha512-kS489FFpGWD4GEDDozfVb+eD5qf1E9cLYgsE7RO914uNMh/sJuRZt9PVu0bcX12fOOO7mTcOiWtlkefzUAJbkA==",
      "requires": {
        "tslib": "^1.9.0"
      }
    },
    "tslib": {
      "version": "1.9.3",
      "resolved": "http://localhost:4873/tslib/-/tslib-1.9.3.tgz",
      "integrity": "sha512-4krF8scpejhaOgqzBEcGM7yDIEfi0/8+8zDRZhNZZ2kjmHJ4hv3zCbQWxoJGz1iw5U0Jl0nma13xzHXcncMavQ=="
    }
  }
}
